github.com/kuozo/gopkg v0.0.0-20200515054742-6c3f83e24c81 h1:l0huH/BCyq+J7DYIHOGm6Q0t90qPnIs7EVvvhncmU8A=
github.com/kuozo/gopkg v0.0.0-20200515054742-6c3f83e24c81/go.mod h1:lzvxVJPjYCJCc66SaAubfDKNUrcalxg21uH4cxvPVlA=
github.com/kuozo/gopkg v0.0.1 h1:BvQYCSLnxL6Izcgc2yyysC4xWtGheg3lbrGMydgURNM=
github.com/kuozo/gopkg v0.0.1/go.mod h1:lzvxVJPjYCJCc66SaAubfDKNUrcalxg21uH4cxvPVlA=
